
Microsoft Visual Studio Solution File, Format Version 12.00
# Visual Studio 14
VisualStudioVersion = 14.0.25420.1
MinimumVisualStudioVersion = 10.0.40219.1
Project("{FAE04EC0-301F-11D3-BF4B-00C04F79EFBC}") = "IotDemoWebApp", "IotDemoWebApp\IotDemoWebApp.csproj", "{6D9E6828-FB9F-4161-8562-5E6E5E6832FE}"
EndProject
Project("{FAE04EC0-301F-11D3-BF4B-00C04F79EFBC}") = "IotDemo.Logging", "IotDemo.Logging\IotDemo.Logging.csproj", "{6FB78CE7-B12F-4626-90D0-841B44CEF0A3}"
EndProject
Global
	GlobalSection(SolutionConfigurationPlatforms) = preSolution
		AT|Any CPU = AT|Any CPU
		AT|ARM = AT|ARM
		AT|iPhone = AT|iPhone
		AT|iPhoneSimulator = AT|iPhoneSimulator
		AT|x86 = AT|x86
		Debug|Any CPU = Debug|Any CPU
		Debug|ARM = Debug|ARM
		Debug|iPhone = Debug|iPhone
		Debug|iPhoneSimulator = Debug|iPhoneSimulator
		Debug|x86 = Debug|x86
		eAviation-Dev|Any CPU = eAviation-Dev|Any CPU
		eAviation-Dev|ARM = eAviation-Dev|ARM
		eAviation-Dev|iPhone = eAviation-Dev|iPhone
		eAviation-Dev|iPhoneSimulator = eAviation-Dev|iPhoneSimulator
		eAviation-Dev|x86 = eAviation-Dev|x86
		eAviation-Test|Any CPU = eAviation-Test|Any CPU
		eAviation-Test|ARM = eAviation-Test|ARM
		eAviation-Test|iPhone = eAviation-Test|iPhone
		eAviation-Test|iPhoneSimulator = eAviation-Test|iPhoneSimulator
		eAviation-Test|x86 = eAviation-Test|x86
		eAviation-UAT|Any CPU = eAviation-UAT|Any CPU
		eAviation-UAT|ARM = eAviation-UAT|ARM
		eAviation-UAT|iPhone = eAviation-UAT|iPhone
		eAviation-UAT|iPhoneSimulator = eAviation-UAT|iPhoneSimulator
		eAviation-UAT|x86 = eAviation-UAT|x86
		INT|Any CPU = INT|Any CPU
		INT|ARM = INT|ARM
		INT|iPhone = INT|iPhone
		INT|iPhoneSimulator = INT|iPhoneSimulator
		INT|x86 = INT|x86
		NP-Dev|Any CPU = NP-Dev|Any CPU
		NP-Dev|ARM = NP-Dev|ARM
		NP-Dev|iPhone = NP-Dev|iPhone
		NP-Dev|iPhoneSimulator = NP-Dev|iPhoneSimulator
		NP-Dev|x86 = NP-Dev|x86
		PR-Dev|Any CPU = PR-Dev|Any CPU
		PR-Dev|ARM = PR-Dev|ARM
		PR-Dev|iPhone = PR-Dev|iPhone
		PR-Dev|iPhoneSimulator = PR-Dev|iPhoneSimulator
		PR-Dev|x86 = PR-Dev|x86
		PR-INTEG|Any CPU = PR-INTEG|Any CPU
		PR-INTEG|ARM = PR-INTEG|ARM
		PR-INTEG|iPhone = PR-INTEG|iPhone
		PR-INTEG|iPhoneSimulator = PR-INTEG|iPhoneSimulator
		PR-INTEG|x86 = PR-INTEG|x86
		PT|Any CPU = PT|Any CPU
		PT|ARM = PT|ARM
		PT|iPhone = PT|iPhone
		PT|iPhoneSimulator = PT|iPhoneSimulator
		PT|x86 = PT|x86
		REG|Any CPU = REG|Any CPU
		REG|ARM = REG|ARM
		REG|iPhone = REG|iPhone
		REG|iPhoneSimulator = REG|iPhoneSimulator
		REG|x86 = REG|x86
		REG-Dev|Any CPU = REG-Dev|Any CPU
		REG-Dev|ARM = REG-Dev|ARM
		REG-Dev|iPhone = REG-Dev|iPhone
		REG-Dev|iPhoneSimulator = REG-Dev|iPhoneSimulator
		REG-Dev|x86 = REG-Dev|x86
		Release|Any CPU = Release|Any CPU
		Release|ARM = Release|ARM
		Release|iPhone = Release|iPhone
		Release|iPhoneSimulator = Release|iPhoneSimulator
		Release|x86 = Release|x86
		Training|Any CPU = Training|Any CPU
		Training|ARM = Training|ARM
		Training|iPhone = Training|iPhone
		Training|iPhoneSimulator = Training|iPhoneSimulator
		Training|x86 = Training|x86
		UAT|Any CPU = UAT|Any CPU
		UAT|ARM = UAT|ARM
		UAT|iPhone = UAT|iPhone
		UAT|iPhoneSimulator = UAT|iPhoneSimulator
		UAT|x86 = UAT|x86
		UAT01|Any CPU = UAT01|Any CPU
		UAT01|ARM = UAT01|ARM
		UAT01|iPhone = UAT01|iPhone
		UAT01|iPhoneSimulator = UAT01|iPhoneSimulator
		UAT01|x86 = UAT01|x86
		UAT02|Any CPU = UAT02|Any CPU
		UAT02|ARM = UAT02|ARM
		UAT02|iPhone = UAT02|iPhone
		UAT02|iPhoneSimulator = UAT02|iPhoneSimulator
		UAT02|x86 = UAT02|x86
	EndGlobalSection
	GlobalSection(ProjectConfigurationPlatforms) = postSolution
		{6D9E6828-FB9F-4161-8562-5E6E5E6832FE}.AT|Any CPU.ActiveCfg = Release|Any CPU
		{6D9E6828-FB9F-4161-8562-5E6E5E6832FE}.AT|Any CPU.Build.0 = Release|Any CPU
		{6D9E6828-FB9F-4161-8562-5E6E5E6832FE}.AT|ARM.ActiveCfg = Release|Any CPU
		{6D9E6828-FB9F-4161-8562-5E6E5E6832FE}.AT|ARM.Build.0 = Release|Any CPU
		{6D9E6828-FB9F-4161-8562-5E6E5E6832FE}.AT|iPhone.ActiveCfg = Release|Any CPU
		{6D9E6828-FB9F-4161-8562-5E6E5E6832FE}.AT|iPhone.Build.0 = Release|Any CPU
		{6D9E6828-FB9F-4161-8562-5E6E5E6832FE}.AT|iPhoneSimulator.ActiveCfg = Release|Any CPU
		{6D9E6828-FB9F-4161-8562-5E6E5E6832FE}.AT|iPhoneSimulator.Build.0 = Release|Any CPU
		{6D9E6828-FB9F-4161-8562-5E6E5E6832FE}.AT|x86.ActiveCfg = Release|Any CPU
		{6D9E6828-FB9F-4161-8562-5E6E5E6832FE}.AT|x86.Build.0 = Release|Any CPU
		{6D9E6828-FB9F-4161-8562-5E6E5E6832FE}.Debug|Any CPU.ActiveCfg = Debug|Any CPU
		{6D9E6828-FB9F-4161-8562-5E6E5E6832FE}.Debug|Any CPU.Build.0 = Debug|Any CPU
		{6D9E6828-FB9F-4161-8562-5E6E5E6832FE}.Debug|ARM.ActiveCfg = Debug|Any CPU
		{6D9E6828-FB9F-4161-8562-5E6E5E6832FE}.Debug|ARM.Build.0 = Debug|Any CPU
		{6D9E6828-FB9F-4161-8562-5E6E5E6832FE}.Debug|iPhone.ActiveCfg = Debug|Any CPU
		{6D9E6828-FB9F-4161-8562-5E6E5E6832FE}.Debug|iPhone.Build.0 = Debug|Any CPU
		{6D9E6828-FB9F-4161-8562-5E6E5E6832FE}.Debug|iPhoneSimulator.ActiveCfg = Debug|Any CPU
		{6D9E6828-FB9F-4161-8562-5E6E5E6832FE}.Debug|iPhoneSimulator.Build.0 = Debug|Any CPU
		{6D9E6828-FB9F-4161-8562-5E6E5E6832FE}.Debug|x86.ActiveCfg = Debug|Any CPU
		{6D9E6828-FB9F-4161-8562-5E6E5E6832FE}.Debug|x86.Build.0 = Debug|Any CPU
		{6D9E6828-FB9F-4161-8562-5E6E5E6832FE}.eAviation-Dev|Any CPU.ActiveCfg = Release|Any CPU
		{6D9E6828-FB9F-4161-8562-5E6E5E6832FE}.eAviation-Dev|Any CPU.Build.0 = Release|Any CPU
		{6D9E6828-FB9F-4161-8562-5E6E5E6832FE}.eAviation-Dev|ARM.ActiveCfg = Release|Any CPU
		{6D9E6828-FB9F-4161-8562-5E6E5E6832FE}.eAviation-Dev|ARM.Build.0 = Release|Any CPU
		{6D9E6828-FB9F-4161-8562-5E6E5E6832FE}.eAviation-Dev|iPhone.ActiveCfg = Release|Any CPU
		{6D9E6828-FB9F-4161-8562-5E6E5E6832FE}.eAviation-Dev|iPhone.Build.0 = Release|Any CPU
		{6D9E6828-FB9F-4161-8562-5E6E5E6832FE}.eAviation-Dev|iPhoneSimulator.ActiveCfg = Release|Any CPU
		{6D9E6828-FB9F-4161-8562-5E6E5E6832FE}.eAviation-Dev|iPhoneSimulator.Build.0 = Release|Any CPU
		{6D9E6828-FB9F-4161-8562-5E6E5E6832FE}.eAviation-Dev|x86.ActiveCfg = Release|Any CPU
		{6D9E6828-FB9F-4161-8562-5E6E5E6832FE}.eAviation-Dev|x86.Build.0 = Release|Any CPU
		{6D9E6828-FB9F-4161-8562-5E6E5E6832FE}.eAviation-Test|Any CPU.ActiveCfg = Release|Any CPU
		{6D9E6828-FB9F-4161-8562-5E6E5E6832FE}.eAviation-Test|Any CPU.Build.0 = Release|Any CPU
		{6D9E6828-FB9F-4161-8562-5E6E5E6832FE}.eAviation-Test|ARM.ActiveCfg = Release|Any CPU
		{6D9E6828-FB9F-4161-8562-5E6E5E6832FE}.eAviation-Test|ARM.Build.0 = Release|Any CPU
		{6D9E6828-FB9F-4161-8562-5E6E5E6832FE}.eAviation-Test|iPhone.ActiveCfg = Release|Any CPU
		{6D9E6828-FB9F-4161-8562-5E6E5E6832FE}.eAviation-Test|iPhone.Build.0 = Release|Any CPU
		{6D9E6828-FB9F-4161-8562-5E6E5E6832FE}.eAviation-Test|iPhoneSimulator.ActiveCfg = Release|Any CPU
		{6D9E6828-FB9F-4161-8562-5E6E5E6832FE}.eAviation-Test|iPhoneSimulator.Build.0 = Release|Any CPU
		{6D9E6828-FB9F-4161-8562-5E6E5E6832FE}.eAviation-Test|x86.ActiveCfg = Release|Any CPU
		{6D9E6828-FB9F-4161-8562-5E6E5E6832FE}.eAviation-Test|x86.Build.0 = Release|Any CPU
		{6D9E6828-FB9F-4161-8562-5E6E5E6832FE}.eAviation-UAT|Any CPU.ActiveCfg = Release|Any CPU
		{6D9E6828-FB9F-4161-8562-5E6E5E6832FE}.eAviation-UAT|Any CPU.Build.0 = Release|Any CPU
		{6D9E6828-FB9F-4161-8562-5E6E5E6832FE}.eAviation-UAT|ARM.ActiveCfg = Release|Any CPU
		{6D9E6828-FB9F-4161-8562-5E6E5E6832FE}.eAviation-UAT|ARM.Build.0 = Release|Any CPU
		{6D9E6828-FB9F-4161-8562-5E6E5E6832FE}.eAviation-UAT|iPhone.ActiveCfg = Release|Any CPU
		{6D9E6828-FB9F-4161-8562-5E6E5E6832FE}.eAviation-UAT|iPhone.Build.0 = Release|Any CPU
		{6D9E6828-FB9F-4161-8562-5E6E5E6832FE}.eAviation-UAT|iPhoneSimulator.ActiveCfg = Release|Any CPU
		{6D9E6828-FB9F-4161-8562-5E6E5E6832FE}.eAviation-UAT|iPhoneSimulator.Build.0 = Release|Any CPU
		{6D9E6828-FB9F-4161-8562-5E6E5E6832FE}.eAviation-UAT|x86.ActiveCfg = Release|Any CPU
		{6D9E6828-FB9F-4161-8562-5E6E5E6832FE}.eAviation-UAT|x86.Build.0 = Release|Any CPU
		{6D9E6828-FB9F-4161-8562-5E6E5E6832FE}.INT|Any CPU.ActiveCfg = Release|Any CPU
		{6D9E6828-FB9F-4161-8562-5E6E5E6832FE}.INT|Any CPU.Build.0 = Release|Any CPU
		{6D9E6828-FB9F-4161-8562-5E6E5E6832FE}.INT|ARM.ActiveCfg = Release|Any CPU
		{6D9E6828-FB9F-4161-8562-5E6E5E6832FE}.INT|ARM.Build.0 = Release|Any CPU
		{6D9E6828-FB9F-4161-8562-5E6E5E6832FE}.INT|iPhone.ActiveCfg = Release|Any CPU
		{6D9E6828-FB9F-4161-8562-5E6E5E6832FE}.INT|iPhone.Build.0 = Release|Any CPU
		{6D9E6828-FB9F-4161-8562-5E6E5E6832FE}.INT|iPhoneSimulator.ActiveCfg = Release|Any CPU
		{6D9E6828-FB9F-4161-8562-5E6E5E6832FE}.INT|iPhoneSimulator.Build.0 = Release|Any CPU
		{6D9E6828-FB9F-4161-8562-5E6E5E6832FE}.INT|x86.ActiveCfg = Release|Any CPU
		{6D9E6828-FB9F-4161-8562-5E6E5E6832FE}.INT|x86.Build.0 = Release|Any CPU
		{6D9E6828-FB9F-4161-8562-5E6E5E6832FE}.NP-Dev|Any CPU.ActiveCfg = Release|Any CPU
		{6D9E6828-FB9F-4161-8562-5E6E5E6832FE}.NP-Dev|Any CPU.Build.0 = Release|Any CPU
		{6D9E6828-FB9F-4161-8562-5E6E5E6832FE}.NP-Dev|ARM.ActiveCfg = Release|Any CPU
		{6D9E6828-FB9F-4161-8562-5E6E5E6832FE}.NP-Dev|ARM.Build.0 = Release|Any CPU
		{6D9E6828-FB9F-4161-8562-5E6E5E6832FE}.NP-Dev|iPhone.ActiveCfg = Release|Any CPU
		{6D9E6828-FB9F-4161-8562-5E6E5E6832FE}.NP-Dev|iPhone.Build.0 = Release|Any CPU
		{6D9E6828-FB9F-4161-8562-5E6E5E6832FE}.NP-Dev|iPhoneSimulator.ActiveCfg = Release|Any CPU
		{6D9E6828-FB9F-4161-8562-5E6E5E6832FE}.NP-Dev|iPhoneSimulator.Build.0 = Release|Any CPU
		{6D9E6828-FB9F-4161-8562-5E6E5E6832FE}.NP-Dev|x86.ActiveCfg = Release|Any CPU
		{6D9E6828-FB9F-4161-8562-5E6E5E6832FE}.NP-Dev|x86.Build.0 = Release|Any CPU
		{6D9E6828-FB9F-4161-8562-5E6E5E6832FE}.PR-Dev|Any CPU.ActiveCfg = Release|Any CPU
		{6D9E6828-FB9F-4161-8562-5E6E5E6832FE}.PR-Dev|Any CPU.Build.0 = Release|Any CPU
		{6D9E6828-FB9F-4161-8562-5E6E5E6832FE}.PR-Dev|ARM.ActiveCfg = Release|Any CPU
		{6D9E6828-FB9F-4161-8562-5E6E5E6832FE}.PR-Dev|ARM.Build.0 = Release|Any CPU
		{6D9E6828-FB9F-4161-8562-5E6E5E6832FE}.PR-Dev|iPhone.ActiveCfg = Release|Any CPU
		{6D9E6828-FB9F-4161-8562-5E6E5E6832FE}.PR-Dev|iPhone.Build.0 = Release|Any CPU
		{6D9E6828-FB9F-4161-8562-5E6E5E6832FE}.PR-Dev|iPhoneSimulator.ActiveCfg = Release|Any CPU
		{6D9E6828-FB9F-4161-8562-5E6E5E6832FE}.PR-Dev|iPhoneSimulator.Build.0 = Release|Any CPU
		{6D9E6828-FB9F-4161-8562-5E6E5E6832FE}.PR-Dev|x86.ActiveCfg = Release|Any CPU
		{6D9E6828-FB9F-4161-8562-5E6E5E6832FE}.PR-Dev|x86.Build.0 = Release|Any CPU
		{6D9E6828-FB9F-4161-8562-5E6E5E6832FE}.PR-INTEG|Any CPU.ActiveCfg = Release|Any CPU
		{6D9E6828-FB9F-4161-8562-5E6E5E6832FE}.PR-INTEG|Any CPU.Build.0 = Release|Any CPU
		{6D9E6828-FB9F-4161-8562-5E6E5E6832FE}.PR-INTEG|ARM.ActiveCfg = Release|Any CPU
		{6D9E6828-FB9F-4161-8562-5E6E5E6832FE}.PR-INTEG|ARM.Build.0 = Release|Any CPU
		{6D9E6828-FB9F-4161-8562-5E6E5E6832FE}.PR-INTEG|iPhone.ActiveCfg = Release|Any CPU
		{6D9E6828-FB9F-4161-8562-5E6E5E6832FE}.PR-INTEG|iPhone.Build.0 = Release|Any CPU
		{6D9E6828-FB9F-4161-8562-5E6E5E6832FE}.PR-INTEG|iPhoneSimulator.ActiveCfg = Release|Any CPU
		{6D9E6828-FB9F-4161-8562-5E6E5E6832FE}.PR-INTEG|iPhoneSimulator.Build.0 = Release|Any CPU
		{6D9E6828-FB9F-4161-8562-5E6E5E6832FE}.PR-INTEG|x86.ActiveCfg = Release|Any CPU
		{6D9E6828-FB9F-4161-8562-5E6E5E6832FE}.PR-INTEG|x86.Build.0 = Release|Any CPU
		{6D9E6828-FB9F-4161-8562-5E6E5E6832FE}.PT|Any CPU.ActiveCfg = Release|Any CPU
		{6D9E6828-FB9F-4161-8562-5E6E5E6832FE}.PT|Any CPU.Build.0 = Release|Any CPU
		{6D9E6828-FB9F-4161-8562-5E6E5E6832FE}.PT|ARM.ActiveCfg = Release|Any CPU
		{6D9E6828-FB9F-4161-8562-5E6E5E6832FE}.PT|ARM.Build.0 = Release|Any CPU
		{6D9E6828-FB9F-4161-8562-5E6E5E6832FE}.PT|iPhone.ActiveCfg = Release|Any CPU
		{6D9E6828-FB9F-4161-8562-5E6E5E6832FE}.PT|iPhone.Build.0 = Release|Any CPU
		{6D9E6828-FB9F-4161-8562-5E6E5E6832FE}.PT|iPhoneSimulator.ActiveCfg = Release|Any CPU
		{6D9E6828-FB9F-4161-8562-5E6E5E6832FE}.PT|iPhoneSimulator.Build.0 = Release|Any CPU
		{6D9E6828-FB9F-4161-8562-5E6E5E6832FE}.PT|x86.ActiveCfg = Release|Any CPU
		{6D9E6828-FB9F-4161-8562-5E6E5E6832FE}.PT|x86.Build.0 = Release|Any CPU
		{6D9E6828-FB9F-4161-8562-5E6E5E6832FE}.REG|Any CPU.ActiveCfg = Release|Any CPU
		{6D9E6828-FB9F-4161-8562-5E6E5E6832FE}.REG|Any CPU.Build.0 = Release|Any CPU
		{6D9E6828-FB9F-4161-8562-5E6E5E6832FE}.REG|ARM.ActiveCfg = Release|Any CPU
		{6D9E6828-FB9F-4161-8562-5E6E5E6832FE}.REG|ARM.Build.0 = Release|Any CPU
		{6D9E6828-FB9F-4161-8562-5E6E5E6832FE}.REG|iPhone.ActiveCfg = Release|Any CPU
		{6D9E6828-FB9F-4161-8562-5E6E5E6832FE}.REG|iPhone.Build.0 = Release|Any CPU
		{6D9E6828-FB9F-4161-8562-5E6E5E6832FE}.REG|iPhoneSimulator.ActiveCfg = Release|Any CPU
		{6D9E6828-FB9F-4161-8562-5E6E5E6832FE}.REG|iPhoneSimulator.Build.0 = Release|Any CPU
		{6D9E6828-FB9F-4161-8562-5E6E5E6832FE}.REG|x86.ActiveCfg = Release|Any CPU
		{6D9E6828-FB9F-4161-8562-5E6E5E6832FE}.REG|x86.Build.0 = Release|Any CPU
		{6D9E6828-FB9F-4161-8562-5E6E5E6832FE}.REG-Dev|Any CPU.ActiveCfg = Release|Any CPU
		{6D9E6828-FB9F-4161-8562-5E6E5E6832FE}.REG-Dev|Any CPU.Build.0 = Release|Any CPU
		{6D9E6828-FB9F-4161-8562-5E6E5E6832FE}.REG-Dev|ARM.ActiveCfg = Release|Any CPU
		{6D9E6828-FB9F-4161-8562-5E6E5E6832FE}.REG-Dev|ARM.Build.0 = Release|Any CPU
		{6D9E6828-FB9F-4161-8562-5E6E5E6832FE}.REG-Dev|iPhone.ActiveCfg = Release|Any CPU
		{6D9E6828-FB9F-4161-8562-5E6E5E6832FE}.REG-Dev|iPhone.Build.0 = Release|Any CPU
		{6D9E6828-FB9F-4161-8562-5E6E5E6832FE}.REG-Dev|iPhoneSimulator.ActiveCfg = Release|Any CPU
		{6D9E6828-FB9F-4161-8562-5E6E5E6832FE}.REG-Dev|iPhoneSimulator.Build.0 = Release|Any CPU
		{6D9E6828-FB9F-4161-8562-5E6E5E6832FE}.REG-Dev|x86.ActiveCfg = Release|Any CPU
		{6D9E6828-FB9F-4161-8562-5E6E5E6832FE}.REG-Dev|x86.Build.0 = Release|Any CPU
		{6D9E6828-FB9F-4161-8562-5E6E5E6832FE}.Release|Any CPU.ActiveCfg = Release|Any CPU
		{6D9E6828-FB9F-4161-8562-5E6E5E6832FE}.Release|Any CPU.Build.0 = Release|Any CPU
		{6D9E6828-FB9F-4161-8562-5E6E5E6832FE}.Release|ARM.ActiveCfg = Release|Any CPU
		{6D9E6828-FB9F-4161-8562-5E6E5E6832FE}.Release|ARM.Build.0 = Release|Any CPU
		{6D9E6828-FB9F-4161-8562-5E6E5E6832FE}.Release|iPhone.ActiveCfg = Release|Any CPU
		{6D9E6828-FB9F-4161-8562-5E6E5E6832FE}.Release|iPhone.Build.0 = Release|Any CPU
		{6D9E6828-FB9F-4161-8562-5E6E5E6832FE}.Release|iPhoneSimulator.ActiveCfg = Release|Any CPU
		{6D9E6828-FB9F-4161-8562-5E6E5E6832FE}.Release|iPhoneSimulator.Build.0 = Release|Any CPU
		{6D9E6828-FB9F-4161-8562-5E6E5E6832FE}.Release|x86.ActiveCfg = Release|Any CPU
		{6D9E6828-FB9F-4161-8562-5E6E5E6832FE}.Release|x86.Build.0 = Release|Any CPU
		{6D9E6828-FB9F-4161-8562-5E6E5E6832FE}.Training|Any CPU.ActiveCfg = Release|Any CPU
		{6D9E6828-FB9F-4161-8562-5E6E5E6832FE}.Training|Any CPU.Build.0 = Release|Any CPU
		{6D9E6828-FB9F-4161-8562-5E6E5E6832FE}.Training|ARM.ActiveCfg = Release|Any CPU
		{6D9E6828-FB9F-4161-8562-5E6E5E6832FE}.Training|ARM.Build.0 = Release|Any CPU
		{6D9E6828-FB9F-4161-8562-5E6E5E6832FE}.Training|iPhone.ActiveCfg = Release|Any CPU
		{6D9E6828-FB9F-4161-8562-5E6E5E6832FE}.Training|iPhone.Build.0 = Release|Any CPU
		{6D9E6828-FB9F-4161-8562-5E6E5E6832FE}.Training|iPhoneSimulator.ActiveCfg = Release|Any CPU
		{6D9E6828-FB9F-4161-8562-5E6E5E6832FE}.Training|iPhoneSimulator.Build.0 = Release|Any CPU
		{6D9E6828-FB9F-4161-8562-5E6E5E6832FE}.Training|x86.ActiveCfg = Release|Any CPU
		{6D9E6828-FB9F-4161-8562-5E6E5E6832FE}.Training|x86.Build.0 = Release|Any CPU
		{6D9E6828-FB9F-4161-8562-5E6E5E6832FE}.UAT|Any CPU.ActiveCfg = Release|Any CPU
		{6D9E6828-FB9F-4161-8562-5E6E5E6832FE}.UAT|Any CPU.Build.0 = Release|Any CPU
		{6D9E6828-FB9F-4161-8562-5E6E5E6832FE}.UAT|ARM.ActiveCfg = Release|Any CPU
		{6D9E6828-FB9F-4161-8562-5E6E5E6832FE}.UAT|ARM.Build.0 = Release|Any CPU
		{6D9E6828-FB9F-4161-8562-5E6E5E6832FE}.UAT|iPhone.ActiveCfg = Release|Any CPU
		{6D9E6828-FB9F-4161-8562-5E6E5E6832FE}.UAT|iPhone.Build.0 = Release|Any CPU
		{6D9E6828-FB9F-4161-8562-5E6E5E6832FE}.UAT|iPhoneSimulator.ActiveCfg = Release|Any CPU
		{6D9E6828-FB9F-4161-8562-5E6E5E6832FE}.UAT|iPhoneSimulator.Build.0 = Release|Any CPU
		{6D9E6828-FB9F-4161-8562-5E6E5E6832FE}.UAT|x86.ActiveCfg = Release|Any CPU
		{6D9E6828-FB9F-4161-8562-5E6E5E6832FE}.UAT|x86.Build.0 = Release|Any CPU
		{6D9E6828-FB9F-4161-8562-5E6E5E6832FE}.UAT01|Any CPU.ActiveCfg = Release|Any CPU
		{6D9E6828-FB9F-4161-8562-5E6E5E6832FE}.UAT01|Any CPU.Build.0 = Release|Any CPU
		{6D9E6828-FB9F-4161-8562-5E6E5E6832FE}.UAT01|ARM.ActiveCfg = Release|Any CPU
		{6D9E6828-FB9F-4161-8562-5E6E5E6832FE}.UAT01|ARM.Build.0 = Release|Any CPU
		{6D9E6828-FB9F-4161-8562-5E6E5E6832FE}.UAT01|iPhone.ActiveCfg = Release|Any CPU
		{6D9E6828-FB9F-4161-8562-5E6E5E6832FE}.UAT01|iPhone.Build.0 = Release|Any CPU
		{6D9E6828-FB9F-4161-8562-5E6E5E6832FE}.UAT01|iPhoneSimulator.ActiveCfg = Release|Any CPU
		{6D9E6828-FB9F-4161-8562-5E6E5E6832FE}.UAT01|iPhoneSimulator.Build.0 = Release|Any CPU
		{6D9E6828-FB9F-4161-8562-5E6E5E6832FE}.UAT01|x86.ActiveCfg = Release|Any CPU
		{6D9E6828-FB9F-4161-8562-5E6E5E6832FE}.UAT01|x86.Build.0 = Release|Any CPU
		{6D9E6828-FB9F-4161-8562-5E6E5E6832FE}.UAT02|Any CPU.ActiveCfg = Release|Any CPU
		{6D9E6828-FB9F-4161-8562-5E6E5E6832FE}.UAT02|Any CPU.Build.0 = Release|Any CPU
		{6D9E6828-FB9F-4161-8562-5E6E5E6832FE}.UAT02|ARM.ActiveCfg = Release|Any CPU
		{6D9E6828-FB9F-4161-8562-5E6E5E6832FE}.UAT02|ARM.Build.0 = Release|Any CPU
		{6D9E6828-FB9F-4161-8562-5E6E5E6832FE}.UAT02|iPhone.ActiveCfg = Release|Any CPU
		{6D9E6828-FB9F-4161-8562-5E6E5E6832FE}.UAT02|iPhone.Build.0 = Release|Any CPU
		{6D9E6828-FB9F-4161-8562-5E6E5E6832FE}.UAT02|iPhoneSimulator.ActiveCfg = Release|Any CPU
		{6D9E6828-FB9F-4161-8562-5E6E5E6832FE}.UAT02|iPhoneSimulator.Build.0 = Release|Any CPU
		{6D9E6828-FB9F-4161-8562-5E6E5E6832FE}.UAT02|x86.ActiveCfg = Release|Any CPU
		{6D9E6828-FB9F-4161-8562-5E6E5E6832FE}.UAT02|x86.Build.0 = Release|Any CPU
		{6FB78CE7-B12F-4626-90D0-841B44CEF0A3}.AT|Any CPU.ActiveCfg = AT|Any CPU
		{6FB78CE7-B12F-4626-90D0-841B44CEF0A3}.AT|Any CPU.Build.0 = AT|Any CPU
		{6FB78CE7-B12F-4626-90D0-841B44CEF0A3}.AT|ARM.ActiveCfg = AT|Any CPU
		{6FB78CE7-B12F-4626-90D0-841B44CEF0A3}.AT|ARM.Build.0 = AT|Any CPU
		{6FB78CE7-B12F-4626-90D0-841B44CEF0A3}.AT|iPhone.ActiveCfg = AT|Any CPU
		{6FB78CE7-B12F-4626-90D0-841B44CEF0A3}.AT|iPhone.Build.0 = AT|Any CPU
		{6FB78CE7-B12F-4626-90D0-841B44CEF0A3}.AT|iPhoneSimulator.ActiveCfg = AT|Any CPU
		{6FB78CE7-B12F-4626-90D0-841B44CEF0A3}.AT|iPhoneSimulator.Build.0 = AT|Any CPU
		{6FB78CE7-B12F-4626-90D0-841B44CEF0A3}.AT|x86.ActiveCfg = AT|Any CPU
		{6FB78CE7-B12F-4626-90D0-841B44CEF0A3}.AT|x86.Build.0 = AT|Any CPU
		{6FB78CE7-B12F-4626-90D0-841B44CEF0A3}.Debug|Any CPU.ActiveCfg = Debug|Any CPU
		{6FB78CE7-B12F-4626-90D0-841B44CEF0A3}.Debug|Any CPU.Build.0 = Debug|Any CPU
		{6FB78CE7-B12F-4626-90D0-841B44CEF0A3}.Debug|ARM.ActiveCfg = Debug|Any CPU
		{6FB78CE7-B12F-4626-90D0-841B44CEF0A3}.Debug|ARM.Build.0 = Debug|Any CPU
		{6FB78CE7-B12F-4626-90D0-841B44CEF0A3}.Debug|iPhone.ActiveCfg = Debug|Any CPU
		{6FB78CE7-B12F-4626-90D0-841B44CEF0A3}.Debug|iPhone.Build.0 = Debug|Any CPU
		{6FB78CE7-B12F-4626-90D0-841B44CEF0A3}.Debug|iPhoneSimulator.ActiveCfg = Debug|Any CPU
		{6FB78CE7-B12F-4626-90D0-841B44CEF0A3}.Debug|iPhoneSimulator.Build.0 = Debug|Any CPU
		{6FB78CE7-B12F-4626-90D0-841B44CEF0A3}.Debug|x86.ActiveCfg = Debug|Any CPU
		{6FB78CE7-B12F-4626-90D0-841B44CEF0A3}.Debug|x86.Build.0 = Debug|Any CPU
		{6FB78CE7-B12F-4626-90D0-841B44CEF0A3}.eAviation-Dev|Any CPU.ActiveCfg = eAviation-Dev|Any CPU
		{6FB78CE7-B12F-4626-90D0-841B44CEF0A3}.eAviation-Dev|Any CPU.Build.0 = eAviation-Dev|Any CPU
		{6FB78CE7-B12F-4626-90D0-841B44CEF0A3}.eAviation-Dev|ARM.ActiveCfg = eAviation-Dev|Any CPU
		{6FB78CE7-B12F-4626-90D0-841B44CEF0A3}.eAviation-Dev|ARM.Build.0 = eAviation-Dev|Any CPU
		{6FB78CE7-B12F-4626-90D0-841B44CEF0A3}.eAviation-Dev|iPhone.ActiveCfg = eAviation-Dev|Any CPU
		{6FB78CE7-B12F-4626-90D0-841B44CEF0A3}.eAviation-Dev|iPhone.Build.0 = eAviation-Dev|Any CPU
		{6FB78CE7-B12F-4626-90D0-841B44CEF0A3}.eAviation-Dev|iPhoneSimulator.ActiveCfg = eAviation-Dev|Any CPU
		{6FB78CE7-B12F-4626-90D0-841B44CEF0A3}.eAviation-Dev|iPhoneSimulator.Build.0 = eAviation-Dev|Any CPU
		{6FB78CE7-B12F-4626-90D0-841B44CEF0A3}.eAviation-Dev|x86.ActiveCfg = eAviation-Dev|Any CPU
		{6FB78CE7-B12F-4626-90D0-841B44CEF0A3}.eAviation-Dev|x86.Build.0 = eAviation-Dev|Any CPU
		{6FB78CE7-B12F-4626-90D0-841B44CEF0A3}.eAviation-Test|Any CPU.ActiveCfg = eAviation-Test|Any CPU
		{6FB78CE7-B12F-4626-90D0-841B44CEF0A3}.eAviation-Test|Any CPU.Build.0 = eAviation-Test|Any CPU
		{6FB78CE7-B12F-4626-90D0-841B44CEF0A3}.eAviation-Test|ARM.ActiveCfg = eAviation-Test|Any CPU
		{6FB78CE7-B12F-4626-90D0-841B44CEF0A3}.eAviation-Test|ARM.Build.0 = eAviation-Test|Any CPU
		{6FB78CE7-B12F-4626-90D0-841B44CEF0A3}.eAviation-Test|iPhone.ActiveCfg = eAviation-Test|Any CPU
		{6FB78CE7-B12F-4626-90D0-841B44CEF0A3}.eAviation-Test|iPhone.Build.0 = eAviation-Test|Any CPU
		{6FB78CE7-B12F-4626-90D0-841B44CEF0A3}.eAviation-Test|iPhoneSimulator.ActiveCfg = eAviation-Test|Any CPU
		{6FB78CE7-B12F-4626-90D0-841B44CEF0A3}.eAviation-Test|iPhoneSimulator.Build.0 = eAviation-Test|Any CPU
		{6FB78CE7-B12F-4626-90D0-841B44CEF0A3}.eAviation-Test|x86.ActiveCfg = eAviation-Test|Any CPU
		{6FB78CE7-B12F-4626-90D0-841B44CEF0A3}.eAviation-Test|x86.Build.0 = eAviation-Test|Any CPU
		{6FB78CE7-B12F-4626-90D0-841B44CEF0A3}.eAviation-UAT|Any CPU.ActiveCfg = eAviation-UAT|Any CPU
		{6FB78CE7-B12F-4626-90D0-841B44CEF0A3}.eAviation-UAT|Any CPU.Build.0 = eAviation-UAT|Any CPU
		{6FB78CE7-B12F-4626-90D0-841B44CEF0A3}.eAviation-UAT|ARM.ActiveCfg = eAviation-UAT|Any CPU
		{6FB78CE7-B12F-4626-90D0-841B44CEF0A3}.eAviation-UAT|ARM.Build.0 = eAviation-UAT|Any CPU
		{6FB78CE7-B12F-4626-90D0-841B44CEF0A3}.eAviation-UAT|iPhone.ActiveCfg = eAviation-UAT|Any CPU
		{6FB78CE7-B12F-4626-90D0-841B44CEF0A3}.eAviation-UAT|iPhone.Build.0 = eAviation-UAT|Any CPU
		{6FB78CE7-B12F-4626-90D0-841B44CEF0A3}.eAviation-UAT|iPhoneSimulator.ActiveCfg = eAviation-UAT|Any CPU
		{6FB78CE7-B12F-4626-90D0-841B44CEF0A3}.eAviation-UAT|iPhoneSimulator.Build.0 = eAviation-UAT|Any CPU
		{6FB78CE7-B12F-4626-90D0-841B44CEF0A3}.eAviation-UAT|x86.ActiveCfg = eAviation-UAT|Any CPU
		{6FB78CE7-B12F-4626-90D0-841B44CEF0A3}.eAviation-UAT|x86.Build.0 = eAviation-UAT|Any CPU
		{6FB78CE7-B12F-4626-90D0-841B44CEF0A3}.INT|Any CPU.ActiveCfg = INT|Any CPU
		{6FB78CE7-B12F-4626-90D0-841B44CEF0A3}.INT|Any CPU.Build.0 = INT|Any CPU
		{6FB78CE7-B12F-4626-90D0-841B44CEF0A3}.INT|ARM.ActiveCfg = INT|Any CPU
		{6FB78CE7-B12F-4626-90D0-841B44CEF0A3}.INT|ARM.Build.0 = INT|Any CPU
		{6FB78CE7-B12F-4626-90D0-841B44CEF0A3}.INT|iPhone.ActiveCfg = INT|Any CPU
		{6FB78CE7-B12F-4626-90D0-841B44CEF0A3}.INT|iPhone.Build.0 = INT|Any CPU
		{6FB78CE7-B12F-4626-90D0-841B44CEF0A3}.INT|iPhoneSimulator.ActiveCfg = INT|Any CPU
		{6FB78CE7-B12F-4626-90D0-841B44CEF0A3}.INT|iPhoneSimulator.Build.0 = INT|Any CPU
		{6FB78CE7-B12F-4626-90D0-841B44CEF0A3}.INT|x86.ActiveCfg = INT|Any CPU
		{6FB78CE7-B12F-4626-90D0-841B44CEF0A3}.INT|x86.Build.0 = INT|Any CPU
		{6FB78CE7-B12F-4626-90D0-841B44CEF0A3}.NP-Dev|Any CPU.ActiveCfg = NP-Dev|Any CPU
		{6FB78CE7-B12F-4626-90D0-841B44CEF0A3}.NP-Dev|Any CPU.Build.0 = NP-Dev|Any CPU
		{6FB78CE7-B12F-4626-90D0-841B44CEF0A3}.NP-Dev|ARM.ActiveCfg = NP-Dev|Any CPU
		{6FB78CE7-B12F-4626-90D0-841B44CEF0A3}.NP-Dev|ARM.Build.0 = NP-Dev|Any CPU
		{6FB78CE7-B12F-4626-90D0-841B44CEF0A3}.NP-Dev|iPhone.ActiveCfg = NP-Dev|Any CPU
		{6FB78CE7-B12F-4626-90D0-841B44CEF0A3}.NP-Dev|iPhone.Build.0 = NP-Dev|Any CPU
		{6FB78CE7-B12F-4626-90D0-841B44CEF0A3}.NP-Dev|iPhoneSimulator.ActiveCfg = NP-Dev|Any CPU
		{6FB78CE7-B12F-4626-90D0-841B44CEF0A3}.NP-Dev|iPhoneSimulator.Build.0 = NP-Dev|Any CPU
		{6FB78CE7-B12F-4626-90D0-841B44CEF0A3}.NP-Dev|x86.ActiveCfg = NP-Dev|Any CPU
		{6FB78CE7-B12F-4626-90D0-841B44CEF0A3}.NP-Dev|x86.Build.0 = NP-Dev|Any CPU
		{6FB78CE7-B12F-4626-90D0-841B44CEF0A3}.PR-Dev|Any CPU.ActiveCfg = PR-Dev|Any CPU
		{6FB78CE7-B12F-4626-90D0-841B44CEF0A3}.PR-Dev|Any CPU.Build.0 = PR-Dev|Any CPU
		{6FB78CE7-B12F-4626-90D0-841B44CEF0A3}.PR-Dev|ARM.ActiveCfg = PR-Dev|Any CPU
		{6FB78CE7-B12F-4626-90D0-841B44CEF0A3}.PR-Dev|ARM.Build.0 = PR-Dev|Any CPU
		{6FB78CE7-B12F-4626-90D0-841B44CEF0A3}.PR-Dev|iPhone.ActiveCfg = PR-Dev|Any CPU
		{6FB78CE7-B12F-4626-90D0-841B44CEF0A3}.PR-Dev|iPhone.Build.0 = PR-Dev|Any CPU
		{6FB78CE7-B12F-4626-90D0-841B44CEF0A3}.PR-Dev|iPhoneSimulator.ActiveCfg = PR-Dev|Any CPU
		{6FB78CE7-B12F-4626-90D0-841B44CEF0A3}.PR-Dev|iPhoneSimulator.Build.0 = PR-Dev|Any CPU
		{6FB78CE7-B12F-4626-90D0-841B44CEF0A3}.PR-Dev|x86.ActiveCfg = PR-Dev|Any CPU
		{6FB78CE7-B12F-4626-90D0-841B44CEF0A3}.PR-Dev|x86.Build.0 = PR-Dev|Any CPU
		{6FB78CE7-B12F-4626-90D0-841B44CEF0A3}.PR-INTEG|Any CPU.ActiveCfg = PR-INTEG|Any CPU
		{6FB78CE7-B12F-4626-90D0-841B44CEF0A3}.PR-INTEG|Any CPU.Build.0 = PR-INTEG|Any CPU
		{6FB78CE7-B12F-4626-90D0-841B44CEF0A3}.PR-INTEG|ARM.ActiveCfg = PR-INTEG|Any CPU
		{6FB78CE7-B12F-4626-90D0-841B44CEF0A3}.PR-INTEG|ARM.Build.0 = PR-INTEG|Any CPU
		{6FB78CE7-B12F-4626-90D0-841B44CEF0A3}.PR-INTEG|iPhone.ActiveCfg = PR-INTEG|Any CPU
		{6FB78CE7-B12F-4626-90D0-841B44CEF0A3}.PR-INTEG|iPhone.Build.0 = PR-INTEG|Any CPU
		{6FB78CE7-B12F-4626-90D0-841B44CEF0A3}.PR-INTEG|iPhoneSimulator.ActiveCfg = PR-INTEG|Any CPU
		{6FB78CE7-B12F-4626-90D0-841B44CEF0A3}.PR-INTEG|iPhoneSimulator.Build.0 = PR-INTEG|Any CPU
		{6FB78CE7-B12F-4626-90D0-841B44CEF0A3}.PR-INTEG|x86.ActiveCfg = PR-INTEG|Any CPU
		{6FB78CE7-B12F-4626-90D0-841B44CEF0A3}.PR-INTEG|x86.Build.0 = PR-INTEG|Any CPU
		{6FB78CE7-B12F-4626-90D0-841B44CEF0A3}.PT|Any CPU.ActiveCfg = PT|Any CPU
		{6FB78CE7-B12F-4626-90D0-841B44CEF0A3}.PT|Any CPU.Build.0 = PT|Any CPU
		{6FB78CE7-B12F-4626-90D0-841B44CEF0A3}.PT|ARM.ActiveCfg = PT|Any CPU
		{6FB78CE7-B12F-4626-90D0-841B44CEF0A3}.PT|ARM.Build.0 = PT|Any CPU
		{6FB78CE7-B12F-4626-90D0-841B44CEF0A3}.PT|iPhone.ActiveCfg = PT|Any CPU
		{6FB78CE7-B12F-4626-90D0-841B44CEF0A3}.PT|iPhone.Build.0 = PT|Any CPU
		{6FB78CE7-B12F-4626-90D0-841B44CEF0A3}.PT|iPhoneSimulator.ActiveCfg = PT|Any CPU
		{6FB78CE7-B12F-4626-90D0-841B44CEF0A3}.PT|iPhoneSimulator.Build.0 = PT|Any CPU
		{6FB78CE7-B12F-4626-90D0-841B44CEF0A3}.PT|x86.ActiveCfg = PT|Any CPU
		{6FB78CE7-B12F-4626-90D0-841B44CEF0A3}.PT|x86.Build.0 = PT|Any CPU
		{6FB78CE7-B12F-4626-90D0-841B44CEF0A3}.REG|Any CPU.ActiveCfg = REG|Any CPU
		{6FB78CE7-B12F-4626-90D0-841B44CEF0A3}.REG|Any CPU.Build.0 = REG|Any CPU
		{6FB78CE7-B12F-4626-90D0-841B44CEF0A3}.REG|ARM.ActiveCfg = REG|Any CPU
		{6FB78CE7-B12F-4626-90D0-841B44CEF0A3}.REG|ARM.Build.0 = REG|Any CPU
		{6FB78CE7-B12F-4626-90D0-841B44CEF0A3}.REG|iPhone.ActiveCfg = REG|Any CPU
		{6FB78CE7-B12F-4626-90D0-841B44CEF0A3}.REG|iPhone.Build.0 = REG|Any CPU
		{6FB78CE7-B12F-4626-90D0-841B44CEF0A3}.REG|iPhoneSimulator.ActiveCfg = REG|Any CPU
		{6FB78CE7-B12F-4626-90D0-841B44CEF0A3}.REG|iPhoneSimulator.Build.0 = REG|Any CPU
		{6FB78CE7-B12F-4626-90D0-841B44CEF0A3}.REG|x86.ActiveCfg = REG|Any CPU
		{6FB78CE7-B12F-4626-90D0-841B44CEF0A3}.REG|x86.Build.0 = REG|Any CPU
		{6FB78CE7-B12F-4626-90D0-841B44CEF0A3}.REG-Dev|Any CPU.ActiveCfg = REG-Dev|Any CPU
		{6FB78CE7-B12F-4626-90D0-841B44CEF0A3}.REG-Dev|Any CPU.Build.0 = REG-Dev|Any CPU
		{6FB78CE7-B12F-4626-90D0-841B44CEF0A3}.REG-Dev|ARM.ActiveCfg = REG-Dev|Any CPU
		{6FB78CE7-B12F-4626-90D0-841B44CEF0A3}.REG-Dev|ARM.Build.0 = REG-Dev|Any CPU
		{6FB78CE7-B12F-4626-90D0-841B44CEF0A3}.REG-Dev|iPhone.ActiveCfg = REG-Dev|Any CPU
		{6FB78CE7-B12F-4626-90D0-841B44CEF0A3}.REG-Dev|iPhone.Build.0 = REG-Dev|Any CPU
		{6FB78CE7-B12F-4626-90D0-841B44CEF0A3}.REG-Dev|iPhoneSimulator.ActiveCfg = REG-Dev|Any CPU
		{6FB78CE7-B12F-4626-90D0-841B44CEF0A3}.REG-Dev|iPhoneSimulator.Build.0 = REG-Dev|Any CPU
		{6FB78CE7-B12F-4626-90D0-841B44CEF0A3}.REG-Dev|x86.ActiveCfg = REG-Dev|Any CPU
		{6FB78CE7-B12F-4626-90D0-841B44CEF0A3}.REG-Dev|x86.Build.0 = REG-Dev|Any CPU
		{6FB78CE7-B12F-4626-90D0-841B44CEF0A3}.Release|Any CPU.ActiveCfg = Release|Any CPU
		{6FB78CE7-B12F-4626-90D0-841B44CEF0A3}.Release|Any CPU.Build.0 = Release|Any CPU
		{6FB78CE7-B12F-4626-90D0-841B44CEF0A3}.Release|ARM.ActiveCfg = Release|Any CPU
		{6FB78CE7-B12F-4626-90D0-841B44CEF0A3}.Release|ARM.Build.0 = Release|Any CPU
		{6FB78CE7-B12F-4626-90D0-841B44CEF0A3}.Release|iPhone.ActiveCfg = Release|Any CPU
		{6FB78CE7-B12F-4626-90D0-841B44CEF0A3}.Release|iPhone.Build.0 = Release|Any CPU
		{6FB78CE7-B12F-4626-90D0-841B44CEF0A3}.Release|iPhoneSimulator.ActiveCfg = Release|Any CPU
		{6FB78CE7-B12F-4626-90D0-841B44CEF0A3}.Release|iPhoneSimulator.Build.0 = Release|Any CPU
		{6FB78CE7-B12F-4626-90D0-841B44CEF0A3}.Release|x86.ActiveCfg = Release|Any CPU
		{6FB78CE7-B12F-4626-90D0-841B44CEF0A3}.Release|x86.Build.0 = Release|Any CPU
		{6FB78CE7-B12F-4626-90D0-841B44CEF0A3}.Training|Any CPU.ActiveCfg = Training|Any CPU
		{6FB78CE7-B12F-4626-90D0-841B44CEF0A3}.Training|Any CPU.Build.0 = Training|Any CPU
		{6FB78CE7-B12F-4626-90D0-841B44CEF0A3}.Training|ARM.ActiveCfg = Training|Any CPU
		{6FB78CE7-B12F-4626-90D0-841B44CEF0A3}.Training|ARM.Build.0 = Training|Any CPU
		{6FB78CE7-B12F-4626-90D0-841B44CEF0A3}.Training|iPhone.ActiveCfg = Training|Any CPU
		{6FB78CE7-B12F-4626-90D0-841B44CEF0A3}.Training|iPhone.Build.0 = Training|Any CPU
		{6FB78CE7-B12F-4626-90D0-841B44CEF0A3}.Training|iPhoneSimulator.ActiveCfg = Training|Any CPU
		{6FB78CE7-B12F-4626-90D0-841B44CEF0A3}.Training|iPhoneSimulator.Build.0 = Training|Any CPU
		{6FB78CE7-B12F-4626-90D0-841B44CEF0A3}.Training|x86.ActiveCfg = Training|Any CPU
		{6FB78CE7-B12F-4626-90D0-841B44CEF0A3}.Training|x86.Build.0 = Training|Any CPU
		{6FB78CE7-B12F-4626-90D0-841B44CEF0A3}.UAT|Any CPU.ActiveCfg = UAT|Any CPU
		{6FB78CE7-B12F-4626-90D0-841B44CEF0A3}.UAT|Any CPU.Build.0 = UAT|Any CPU
		{6FB78CE7-B12F-4626-90D0-841B44CEF0A3}.UAT|ARM.ActiveCfg = UAT|Any CPU
		{6FB78CE7-B12F-4626-90D0-841B44CEF0A3}.UAT|ARM.Build.0 = UAT|Any CPU
		{6FB78CE7-B12F-4626-90D0-841B44CEF0A3}.UAT|iPhone.ActiveCfg = UAT|Any CPU
		{6FB78CE7-B12F-4626-90D0-841B44CEF0A3}.UAT|iPhone.Build.0 = UAT|Any CPU
		{6FB78CE7-B12F-4626-90D0-841B44CEF0A3}.UAT|iPhoneSimulator.ActiveCfg = UAT|Any CPU
		{6FB78CE7-B12F-4626-90D0-841B44CEF0A3}.UAT|iPhoneSimulator.Build.0 = UAT|Any CPU
		{6FB78CE7-B12F-4626-90D0-841B44CEF0A3}.UAT|x86.ActiveCfg = UAT|Any CPU
		{6FB78CE7-B12F-4626-90D0-841B44CEF0A3}.UAT|x86.Build.0 = UAT|Any CPU
		{6FB78CE7-B12F-4626-90D0-841B44CEF0A3}.UAT01|Any CPU.ActiveCfg = UAT01|Any CPU
		{6FB78CE7-B12F-4626-90D0-841B44CEF0A3}.UAT01|Any CPU.Build.0 = UAT01|Any CPU
		{6FB78CE7-B12F-4626-90D0-841B44CEF0A3}.UAT01|ARM.ActiveCfg = UAT01|Any CPU
		{6FB78CE7-B12F-4626-90D0-841B44CEF0A3}.UAT01|ARM.Build.0 = UAT01|Any CPU
		{6FB78CE7-B12F-4626-90D0-841B44CEF0A3}.UAT01|iPhone.ActiveCfg = UAT01|Any CPU
		{6FB78CE7-B12F-4626-90D0-841B44CEF0A3}.UAT01|iPhone.Build.0 = UAT01|Any CPU
		{6FB78CE7-B12F-4626-90D0-841B44CEF0A3}.UAT01|iPhoneSimulator.ActiveCfg = UAT01|Any CPU
		{6FB78CE7-B12F-4626-90D0-841B44CEF0A3}.UAT01|iPhoneSimulator.Build.0 = UAT01|Any CPU
		{6FB78CE7-B12F-4626-90D0-841B44CEF0A3}.UAT01|x86.ActiveCfg = UAT01|Any CPU
		{6FB78CE7-B12F-4626-90D0-841B44CEF0A3}.UAT01|x86.Build.0 = UAT01|Any CPU
		{6FB78CE7-B12F-4626-90D0-841B44CEF0A3}.UAT02|Any CPU.ActiveCfg = UAT02|Any CPU
		{6FB78CE7-B12F-4626-90D0-841B44CEF0A3}.UAT02|Any CPU.Build.0 = UAT02|Any CPU
		{6FB78CE7-B12F-4626-90D0-841B44CEF0A3}.UAT02|ARM.ActiveCfg = UAT02|Any CPU
		{6FB78CE7-B12F-4626-90D0-841B44CEF0A3}.UAT02|ARM.Build.0 = UAT02|Any CPU
		{6FB78CE7-B12F-4626-90D0-841B44CEF0A3}.UAT02|iPhone.ActiveCfg = UAT02|Any CPU
		{6FB78CE7-B12F-4626-90D0-841B44CEF0A3}.UAT02|iPhone.Build.0 = UAT02|Any CPU
		{6FB78CE7-B12F-4626-90D0-841B44CEF0A3}.UAT02|iPhoneSimulator.ActiveCfg = UAT02|Any CPU
		{6FB78CE7-B12F-4626-90D0-841B44CEF0A3}.UAT02|iPhoneSimulator.Build.0 = UAT02|Any CPU
		{6FB78CE7-B12F-4626-90D0-841B44CEF0A3}.UAT02|x86.ActiveCfg = UAT02|Any CPU
		{6FB78CE7-B12F-4626-90D0-841B44CEF0A3}.UAT02|x86.Build.0 = UAT02|Any CPU
	EndGlobalSection
	GlobalSection(SolutionProperties) = preSolution
		HideSolutionNode = FALSE
	EndGlobalSection
	GlobalSection(ExtensibilityGlobals) = postSolution
		EnterpriseLibraryConfigurationToolBinariesPathV6 = packages\EnterpriseLibrary.Common.6.0.1304.0\lib\NET45;packages\EnterpriseLibrary.Logging.6.0.1304.0\lib\NET45;packages\EnterpriseLibrary.TransientFaultHandling.6.0.1304.0\lib\portable-net45+win+wp8;packages\EnterpriseLibrary.TransientFaultHandling.Data.6.0.1304.1\lib\NET45
	EndGlobalSection
EndGlobal
